# THIS IS AN AUTOGENERATED FILE. DO NOT EDIT THIS FILE DIRECTLY.
# yarn lockfile v1


"@babel/runtime@^7.0.0", "@babel/runtime@^7.12.0", "@babel/runtime@^7.3.1":
  "integrity" "sha512-8jI69toZqqcsnqGGqwGS4Qb1VwLOEp4hz+CXPywcvjs60u3B4Pom/U/7rm4W8tMOYEB+E9wgD0mW1l3r8qlI9Q=="
  "resolved" "https://registry.npmjs.org/@babel/runtime/-/runtime-7.21.5.tgz"
  "version" "7.21.5"
  dependencies:
    "regenerator-runtime" "^0.13.11"

"@deck.gl/core@^8.0.0", "@deck.gl/core@^8.8.0":
  "integrity" "sha512-ziWnQUd92HHD+Pb6/azen5Nb6SdR7u9WCLbI/PS0LOIYtuTis7fcVjp5sKi7yEte8Za8LHU0V5dB4ekE9Ni22w=="
  "resolved" "https://registry.npmjs.org/@deck.gl/core/-/core-8.9.14.tgz"
  "version" "8.9.14"
  dependencies:
    "@loaders.gl/core" "^3.3.5"
    "@loaders.gl/images" "^3.3.5"
    "@luma.gl/constants" "^8.5.20"
    "@luma.gl/core" "^8.5.20"
    "@luma.gl/webgl" "^8.5.20"
    "@math.gl/core" "^3.6.2"
    "@math.gl/sun" "^3.6.2"
    "@math.gl/web-mercator" "^3.6.2"
    "@probe.gl/env" "^3.5.0"
    "@probe.gl/log" "^3.5.0"
    "@probe.gl/stats" "^3.5.0"
    "gl-matrix" "^3.0.0"
    "math.gl" "^3.6.2"
    "mjolnir.js" "^2.7.0"

"@deck.gl/google-maps@^8.8.0":
  "integrity" "sha512-QbZhanDN4ca3tQ68gCvcQ6DVLGnI0J2kMv3iSyQQk65dIPYMh6LKCdUoFcRhyx0B8VDvFYgQyfoqMjQMdfyCPA=="
  "resolved" "https://registry.npmjs.org/@deck.gl/google-maps/-/google-maps-8.9.14.tgz"
  "version" "8.9.14"

"@deck.gl/layers@^8.8.0":
  "integrity" "sha512-oo0rURBV5QUvDr9qb9stahYdApYAyufEAFc5D4XW01cgnlHvR2x76rdbn0lZvXYCQM1W7NyzNLOc66B6XOR3sQ=="
  "resolved" "https://registry.npmjs.org/@deck.gl/layers/-/layers-8.9.14.tgz"
  "version" "8.9.14"
  dependencies:
    "@loaders.gl/images" "^3.3.5"
    "@loaders.gl/schema" "^3.3.5"
    "@luma.gl/constants" "^8.5.20"
    "@mapbox/tiny-sdf" "^2.0.5"
    "@math.gl/core" "^3.6.2"
    "@math.gl/polygon" "^3.6.2"
    "@math.gl/web-mercator" "^3.6.2"
    "earcut" "^2.2.4"

"@esbuild/win32-x64@0.17.19":
  "integrity" "sha512-lAhycmKnVOuRYNtRtatQR1LPQf2oYCkRGkSFnseDAKPl8lu5SOsK/e1sXe5a0Pc5kHIHe6P2I/ilntNv2xf3cA=="
  "resolved" "https://registry.npmjs.org/@esbuild/win32-x64/-/win32-x64-0.17.19.tgz"
  "version" "0.17.19"

"@loaders.gl/core@^3.0.0", "@loaders.gl/core@^3.3.5":
  "integrity" "sha512-uutqjvf91WJZx7WbSmJy75AHFNCPDnnweFnVmdAEflF6ohc+uAdjltqz6tGD3PxbT8LjNLTOk60kxyC/QwDBqQ=="
  "resolved" "https://registry.npmjs.org/@loaders.gl/core/-/core-3.4.4.tgz"
  "version" "3.4.4"
  dependencies:
    "@babel/runtime" "^7.3.1"
    "@loaders.gl/loader-utils" "3.4.4"
    "@loaders.gl/worker-utils" "3.4.4"
    "@probe.gl/log" "^4.0.1"

"@loaders.gl/images@^3.3.5":
  "integrity" "sha512-+w1nyYxaXPb9xZ5jU1q9pE713M4qdzrbHF/rKH3EX80+OzjYLYpOVB3v/asSiinI4RGJf6f5OVbJuD2vHYErYw=="
  "resolved" "https://registry.npmjs.org/@loaders.gl/images/-/images-3.3.5.tgz"
  "version" "3.3.5"
  dependencies:
    "@loaders.gl/loader-utils" "3.3.5"

"@loaders.gl/loader-utils@3.3.5":
  "integrity" "sha512-fsXwmPc9jgZABaHgm2oxmUyYE3DDZD84KHf2JqphsdgEdyxvrAYZecdEWwOt7we8DObWxx4YKZBCOqT4aWqpIQ=="
  "resolved" "https://registry.npmjs.org/@loaders.gl/loader-utils/-/loader-utils-3.3.5.tgz"
  "version" "3.3.5"
  dependencies:
    "@babel/runtime" "^7.3.1"
    "@loaders.gl/worker-utils" "3.3.5"
    "@probe.gl/stats" "^3.5.0"

"@loaders.gl/loader-utils@3.4.4":
  "integrity" "sha512-EFY/YBniNyfZk0ojnBitl+xRL3Du8tinOwdFnWD0rVIf61+bFifFI0fJys8/tgrlF6sfiKdYbupow8G/a3xF2g=="
  "resolved" "https://registry.npmjs.org/@loaders.gl/loader-utils/-/loader-utils-3.4.4.tgz"
  "version" "3.4.4"
  dependencies:
    "@babel/runtime" "^7.3.1"
    "@loaders.gl/worker-utils" "3.4.4"
    "@probe.gl/stats" "^4.0.1"

"@loaders.gl/schema@^3.3.5":
  "integrity" "sha512-NWzNUEJh3RCSxek5koM0hHj4H0dzV/mhEjVci6WGK4ntAy5+gOgwkjhNObPWvlssoE5W+qErHXlgUmjqnL6AuA=="
  "resolved" "https://registry.npmjs.org/@loaders.gl/schema/-/schema-3.3.5.tgz"
  "version" "3.3.5"
  dependencies:
    "@types/geojson" "^7946.0.7"

"@loaders.gl/worker-utils@3.3.5":
  "integrity" "sha512-qDWLw7X53Y18pN3ANnTJgNahB6cDz9JGC0rX/q+oNhwZP1hSCa1WQ4hyPHPJiR6ka4D3gdeeSHAoXKnxxEfwIA=="
  "resolved" "https://registry.npmjs.org/@loaders.gl/worker-utils/-/worker-utils-3.3.5.tgz"
  "version" "3.3.5"
  dependencies:
    "@babel/runtime" "^7.3.1"

"@loaders.gl/worker-utils@3.4.4":
  "integrity" "sha512-ltqMd+BsAk3QGPLycZODukL1wNyBEb04X6wpI3rC5NWByzwSippwWTW4g4QnS3Q9zgMFV4jR/YV6CRp/GiVzvQ=="
  "resolved" "https://registry.npmjs.org/@loaders.gl/worker-utils/-/worker-utils-3.4.4.tgz"
  "version" "3.4.4"
  dependencies:
    "@babel/runtime" "^7.3.1"

"@luma.gl/constants@^8.5.0", "@luma.gl/constants@^8.5.20", "@luma.gl/constants@8.5.20":
  "integrity" "sha512-5yG+ybkUZ4j6kLPWMZjN4Hun2yLB0MyEpNCRKAUN9/yS9UIWA7unyVxjSf2vnE7k/7dywtxlbXegASNFgNVGxw=="
  "resolved" "https://registry.npmjs.org/@luma.gl/constants/-/constants-8.5.20.tgz"
  "version" "8.5.20"

"@luma.gl/core@^8.0.0", "@luma.gl/core@^8.5.0", "@luma.gl/core@^8.5.20":
  "integrity" "sha512-xJr96G6vhYcznYHC84fbeOG3fgNM4lFwj9bd0VPcg/Kfe8otUeN1Hl0AKHCCtNn48PiMSg3LKbaiRfNUMhaffQ=="
  "resolved" "https://registry.npmjs.org/@luma.gl/core/-/core-8.5.20.tgz"
  "version" "8.5.20"
  dependencies:
    "@babel/runtime" "^7.0.0"
    "@luma.gl/constants" "8.5.20"
    "@luma.gl/engine" "8.5.20"
    "@luma.gl/gltools" "8.5.20"
    "@luma.gl/shadertools" "8.5.20"
    "@luma.gl/webgl" "8.5.20"

"@luma.gl/engine@8.5.20":
  "integrity" "sha512-+0ryJ/4gL1pWaEgZimY21jUPt1LYiO6Cqte8TNUprCfAHoAStsuzD7jwgEqnM6jJOUEdIxQ3w0z3Dzw/0KIE+w=="
  "resolved" "https://registry.npmjs.org/@luma.gl/engine/-/engine-8.5.20.tgz"
  "version" "8.5.20"
  dependencies:
    "@babel/runtime" "^7.0.0"
    "@luma.gl/constants" "8.5.20"
    "@luma.gl/gltools" "8.5.20"
    "@luma.gl/shadertools" "8.5.20"
    "@luma.gl/webgl" "8.5.20"
    "@math.gl/core" "^3.5.0"
    "@probe.gl/env" "^3.5.0"
    "@probe.gl/stats" "^3.5.0"
    "@types/offscreencanvas" "^2019.7.0"

"@luma.gl/gltools@8.5.20":
  "integrity" "sha512-5pP6ph9FSX5gHiVWQM1DmYRUnriklzKUG9yaqlQsKEqCFsOcKB0EfK3MfBVXIfsOdP/1bJZ9Dlz/zV19soWVhg=="
  "resolved" "https://registry.npmjs.org/@luma.gl/gltools/-/gltools-8.5.20.tgz"
  "version" "8.5.20"
  dependencies:
    "@babel/runtime" "^7.0.0"
    "@luma.gl/constants" "8.5.20"
    "@probe.gl/env" "^3.5.0"
    "@probe.gl/log" "^3.5.0"
    "@types/offscreencanvas" "^2019.7.0"

"@luma.gl/shadertools@8.5.20":
  "integrity" "sha512-q1lrCZy1ncIFb4mMjsYgISLzNP6eMnhLUY+Oltj/qjAMcPEssCeHN2+XGfP/CVtU+O7sC+5JY2bQGaTs6HQ/Qw=="
  "resolved" "https://registry.npmjs.org/@luma.gl/shadertools/-/shadertools-8.5.20.tgz"
  "version" "8.5.20"
  dependencies:
    "@babel/runtime" "^7.0.0"
    "@math.gl/core" "^3.5.0"

"@luma.gl/webgl@^8.5.20", "@luma.gl/webgl@8.5.20":
  "integrity" "sha512-p/kt9KztywH4l+09XHoZ4cPFOoE7xlZXIBMT8rxRVgfe1w0lvi7QYh4tOG7gk+iixQ34EyDQacoHCsabdpmqQg=="
  "resolved" "https://registry.npmjs.org/@luma.gl/webgl/-/webgl-8.5.20.tgz"
  "version" "8.5.20"
  dependencies:
    "@babel/runtime" "^7.0.0"
    "@luma.gl/constants" "8.5.20"
    "@luma.gl/gltools" "8.5.20"
    "@probe.gl/env" "^3.5.0"
    "@probe.gl/stats" "^3.5.0"

"@mapbox/tiny-sdf@^2.0.5":
  "integrity" "sha512-qMqa27TLw+ZQz5Jk+RcwZGH7BQf5G/TrutJhspsca/3SHwmgKQ1iq+d3Jxz5oysPVYTGP6aXxCo5Lk9Er6YBAA=="
  "resolved" "https://registry.npmjs.org/@mapbox/tiny-sdf/-/tiny-sdf-2.0.6.tgz"
  "version" "2.0.6"

"@math.gl/core@^3.5.0", "@math.gl/core@^3.6.0", "@math.gl/core@^3.6.2", "@math.gl/core@3.6.3":
  "integrity" "sha512-jBABmDkj5uuuE0dTDmwwss7Cup5ZwQ6Qb7h1pgvtkEutTrhkcv8SuItQNXmF45494yIHeoGue08NlyeY6wxq2A=="
  "resolved" "https://registry.npmjs.org/@math.gl/core/-/core-3.6.3.tgz"
  "version" "3.6.3"
  dependencies:
    "@babel/runtime" "^7.12.0"
    "@math.gl/types" "3.6.3"
    "gl-matrix" "^3.4.0"

"@math.gl/polygon@^3.6.2":
  "integrity" "sha512-FivQ1ZnYcAss1wVifOkHP/ZnlfQy1IL/769uzNtiHxwUbW0kZG3yyOZ9I7fwyzR5Hvqt3ErJKHjSYZr0uVlz5g=="
  "resolved" "https://registry.npmjs.org/@math.gl/polygon/-/polygon-3.6.3.tgz"
  "version" "3.6.3"
  dependencies:
    "@math.gl/core" "3.6.3"

"@math.gl/sun@^3.6.2":
  "integrity" "sha512-mrx6CGYYeTNSQttvcw0KVUy+35YDmnjMqpO/o0t06Vcghrt0HNruB/ScRgUSbJrgkbOg1Vcqm23HBd++clzQzw=="
  "resolved" "https://registry.npmjs.org/@math.gl/sun/-/sun-3.6.3.tgz"
  "version" "3.6.3"
  dependencies:
    "@babel/runtime" "^7.12.0"

"@math.gl/types@3.6.3":
  "integrity" "sha512-3uWLVXHY3jQxsXCr/UCNPSc2BG0hNUljhmOBt9l+lNFDp7zHgm0cK2Tw4kj2XfkJy4TgwZTBGwRDQgWEbLbdTA=="
  "resolved" "https://registry.npmjs.org/@math.gl/types/-/types-3.6.3.tgz"
  "version" "3.6.3"

"@math.gl/web-mercator@^3.6.2":
  "integrity" "sha512-UVrkSOs02YLehKaehrxhAejYMurehIHPfFQvPFZmdJHglHOU4V2cCUApTVEwOksvCp161ypEqVp+9H6mGhTTcw=="
  "resolved" "https://registry.npmjs.org/@math.gl/web-mercator/-/web-mercator-3.6.3.tgz"
  "version" "3.6.3"
  dependencies:
    "@babel/runtime" "^7.12.0"
    "gl-matrix" "^3.4.0"

"@probe.gl/env@^3.5.0", "@probe.gl/env@3.6.0":
  "integrity" "sha512-4tTZYUg/8BICC3Yyb9rOeoKeijKbZHRXBEKObrfPmX4sQmYB15ZOUpoVBhAyJkOYVAM8EkPci6Uw5dLCwx2BEQ=="
  "resolved" "https://registry.npmjs.org/@probe.gl/env/-/env-3.6.0.tgz"
  "version" "3.6.0"
  dependencies:
    "@babel/runtime" "^7.0.0"

"@probe.gl/env@4.0.4":
  "integrity" "sha512-sYNGqesDfWD6dFP5oNZtTeFA4Z6ak5T4a8BNPdNhoqy7PK9w70JHrb6mv+RKWqKXq33KiwCDWL7fYxx2HuEH2w=="
  "resolved" "https://registry.npmjs.org/@probe.gl/env/-/env-4.0.4.tgz"
  "version" "4.0.4"
  dependencies:
    "@babel/runtime" "^7.0.0"

"@probe.gl/log@^3.5.0":
  "integrity" "sha512-hjpyenpEvOdowgZ1qMeCJxfRD4JkKdlXz0RC14m42Un62NtOT+GpWyKA4LssT0+xyLULCByRAtG2fzZorpIAcA=="
  "resolved" "https://registry.npmjs.org/@probe.gl/log/-/log-3.6.0.tgz"
  "version" "3.6.0"
  dependencies:
    "@babel/runtime" "^7.0.0"
    "@probe.gl/env" "3.6.0"

"@probe.gl/log@^4.0.1":
  "integrity" "sha512-WpmXl6njlBMwrm8HBh/b4kSp/xnY1VVmeT4PWUKF+RkVbFuKQbsU11dA1IxoMd7gSY+5DGIwxGfAv1H5OMzA4A=="
  "resolved" "https://registry.npmjs.org/@probe.gl/log/-/log-4.0.4.tgz"
  "version" "4.0.4"
  dependencies:
    "@babel/runtime" "^7.0.0"
    "@probe.gl/env" "4.0.4"

"@probe.gl/stats@^3.5.0":
  "integrity" "sha512-JdALQXB44OP4kUBN/UrQgzbJe4qokbVF4Y8lkIA8iVCFnjVowWIgkD/z/0QO65yELT54tTrtepw1jScjKB+rhQ=="
  "resolved" "https://registry.npmjs.org/@probe.gl/stats/-/stats-3.6.0.tgz"
  "version" "3.6.0"
  dependencies:
    "@babel/runtime" "^7.0.0"

"@probe.gl/stats@^4.0.1":
  "integrity" "sha512-SDuSY/D4yDL6LQDa69l/GCcnZLRiGYdyvYkxWb0CgnzTPdPrcdrzGkzkvpC3zsA4fEFw2smlDje370QGHwlisg=="
  "resolved" "https://registry.npmjs.org/@probe.gl/stats/-/stats-4.0.4.tgz"
  "version" "4.0.4"
  dependencies:
    "@babel/runtime" "^7.0.0"

"@types/geojson@^7946.0.7":
  "integrity" "sha512-Nmh0K3iWQJzniTuPRcJn5hxXkfB1T1pgB89SBig5PlJQU5yocazeu4jATJlaA0GYFKWMqDdvYemoSnF2pXgLVA=="
  "resolved" "https://registry.npmjs.org/@types/geojson/-/geojson-7946.0.10.tgz"
  "version" "7946.0.10"

"@types/hammerjs@^2.0.41":
  "integrity" "sha512-ewXv/ceBaJprikMcxCmWU1FKyMAQ2X7a9Gtmzw8fcg2kIePI1crERDM818W+XYrxqdBBOdlf2rm137bU+BltCA=="
  "resolved" "https://registry.npmjs.org/@types/hammerjs/-/hammerjs-2.0.41.tgz"
  "version" "2.0.41"

"@types/offscreencanvas@^2019.7.0":
  "integrity" "sha512-PGcyveRIpL1XIqK8eBsmRBt76eFgtzuPiSTyKHZxnGemp2yzGzWpjYKAfK3wIMiU7eH+851yEpiuP8JZerTmWg=="
  "resolved" "https://registry.npmjs.org/@types/offscreencanvas/-/offscreencanvas-2019.7.0.tgz"
  "version" "2019.7.0"

"earcut@^2.2.4":
  "integrity" "sha512-/pjZsA1b4RPHbeWZQn66SWS8nZZWLQQ23oE3Eam7aroEFGEvwKAsJfZ9ytiEMycfzXWpca4FA9QIOehf7PocBQ=="
  "resolved" "https://registry.npmjs.org/earcut/-/earcut-2.2.4.tgz"
  "version" "2.2.4"

"esbuild@^0.17.5":
  "integrity" "sha512-XQ0jAPFkK/u3LcVRcvVHQcTIqD6E2H1fvZMA5dQPSOWb3suUbWbfbRf94pjc0bNzRYLfIrDRQXr7X+LHIm5oHw=="
  "resolved" "https://registry.npmjs.org/esbuild/-/esbuild-0.17.19.tgz"
  "version" "0.17.19"
  optionalDependencies:
    "@esbuild/android-arm" "0.17.19"
    "@esbuild/android-arm64" "0.17.19"
    "@esbuild/android-x64" "0.17.19"
    "@esbuild/darwin-arm64" "0.17.19"
    "@esbuild/darwin-x64" "0.17.19"
    "@esbuild/freebsd-arm64" "0.17.19"
    "@esbuild/freebsd-x64" "0.17.19"
    "@esbuild/linux-arm" "0.17.19"
    "@esbuild/linux-arm64" "0.17.19"
    "@esbuild/linux-ia32" "0.17.19"
    "@esbuild/linux-loong64" "0.17.19"
    "@esbuild/linux-mips64el" "0.17.19"
    "@esbuild/linux-ppc64" "0.17.19"
    "@esbuild/linux-riscv64" "0.17.19"
    "@esbuild/linux-s390x" "0.17.19"
    "@esbuild/linux-x64" "0.17.19"
    "@esbuild/netbsd-x64" "0.17.19"
    "@esbuild/openbsd-x64" "0.17.19"
    "@esbuild/sunos-x64" "0.17.19"
    "@esbuild/win32-arm64" "0.17.19"
    "@esbuild/win32-ia32" "0.17.19"
    "@esbuild/win32-x64" "0.17.19"

"gl-matrix@^3.0.0", "gl-matrix@^3.4.0":
  "integrity" "sha512-wcCp8vu8FT22BnvKVPjXa/ICBWRq/zjFfdofZy1WSpQZpphblv12/bOQLBC1rMM7SGOFS9ltVmKOHil5+Ml7gA=="
  "resolved" "https://registry.npmjs.org/gl-matrix/-/gl-matrix-3.4.3.tgz"
  "version" "3.4.3"

"hammerjs@^2.0.8":
  "integrity" "sha512-tSQXBXS/MWQOn/RKckawJ61vvsDpCom87JgxiYdGwHdOa0ht0vzUWDlfioofFCRU0L+6NGDt6XzbgoJvZkMeRQ=="
  "resolved" "https://registry.npmjs.org/hammerjs/-/hammerjs-2.0.8.tgz"
  "version" "2.0.8"

"math.gl@^3.6.2":
  "integrity" "sha512-Yq9CyECvSDox9+5ETi2+x1bGTY5WvGUGL3rJfC4KPoCZAM51MGfrCm6rIn4yOJUVfMPs2a5RwMD+yGS/n1g3gg=="
  "resolved" "https://registry.npmjs.org/math.gl/-/math.gl-3.6.3.tgz"
  "version" "3.6.3"
  dependencies:
    "@math.gl/core" "3.6.3"

"mjolnir.js@^2.7.0":
  "integrity" "sha512-72BeUWgTv2cj5aZQKpwL8caNUFhXZ9bDm1hxpNj70XJQ62IBnTZmtv/WPxJvtaVNhzNo+D2U8O6ryNI0zImYcw=="
  "resolved" "https://registry.npmjs.org/mjolnir.js/-/mjolnir.js-2.7.1.tgz"
  "version" "2.7.1"
  dependencies:
    "@types/hammerjs" "^2.0.41"
    "hammerjs" "^2.0.8"

"nanoid@^3.3.6":
  "integrity" "sha512-BGcqMMJuToF7i1rt+2PWSNVnWIkGCU78jBG3RxO/bZlnZPK2Cmi2QaffxGO/2RvWi9sL+FAiRiXMgsyxQ1DIDA=="
  "resolved" "https://registry.npmjs.org/nanoid/-/nanoid-3.3.6.tgz"
  "version" "3.3.6"

"picocolors@^1.0.0":
  "integrity" "sha512-1fygroTLlHu66zi26VoTDv8yRgm0Fccecssto+MhsZ0D/DGW2sm8E8AjW7NU5VVTRt5GxbeZ5qBuJr+HyLYkjQ=="
  "resolved" "https://registry.npmjs.org/picocolors/-/picocolors-1.0.0.tgz"
  "version" "1.0.0"

"postcss@^8.4.23":
  "integrity" "sha512-bQ3qMcpF6A/YjR55xtoTr0jGOlnPOKAIMdOWiv0EIT6HVPEaJiJB4NLljSbiHoC2RX7DN5Uvjtpbg1NPdwv1oA=="
  "resolved" "https://registry.npmjs.org/postcss/-/postcss-8.4.23.tgz"
  "version" "8.4.23"
  dependencies:
    "nanoid" "^3.3.6"
    "picocolors" "^1.0.0"
    "source-map-js" "^1.0.2"

"regenerator-runtime@^0.13.11":
  "integrity" "sha512-kY1AZVr2Ra+t+piVaJ4gxaFaReZVH40AKNo7UCX6W+dEwBo/2oZJzqfuN1qLq1oL45o56cPaTXELwrTh8Fpggg=="
  "resolved" "https://registry.npmjs.org/regenerator-runtime/-/regenerator-runtime-0.13.11.tgz"
  "version" "0.13.11"

"rollup@^3.21.0":
  "integrity" "sha512-SXIICxvxQxR3D4dp/3LDHZIJPC8a4anKMHd4E3Jiz2/JnY+2bEjqrOokAauc5ShGVNFHlEFjBXAXlaxkJqIqSg=="
  "resolved" "https://registry.npmjs.org/rollup/-/rollup-3.21.6.tgz"
  "version" "3.21.6"
  optionalDependencies:
    "fsevents" "~2.3.2"

"source-map-js@^1.0.2":
  "integrity" "sha512-R0XvVJ9WusLiqTCEiGCmICCMplcCkIwwR11mOSD9CR5u+IXYdiseeEuXCVAjS54zqwkLcPNnmU4OeJ6tUrWhDw=="
  "resolved" "https://registry.npmjs.org/source-map-js/-/source-map-js-1.0.2.tgz"
  "version" "1.0.2"

"vite@^4.0.0":
  "integrity" "sha512-0gEnL9wiRFxgz40o/i/eTBwm+NEbpUeTWhzKrZDSdKm6nplj+z4lKz8ANDgildxHm47Vg8EUia0aicKbawUVVA=="
  "resolved" "https://registry.npmjs.org/vite/-/vite-4.3.5.tgz"
  "version" "4.3.5"
  dependencies:
    "esbuild" "^0.17.5"
    "postcss" "^8.4.23"
    "rollup" "^3.21.0"
  optionalDependencies:
    "fsevents" "~2.3.2"
